// !$*UTF8*$!
{
	archiveVersion = 1;
	classes = {
	};
	objectVersion = 50;
	objects = {

/* Begin PBXBuildFile section */
		CF2A42C121BE93D70023992F /* EditorInspectorView.swift in Sources */ = {isa = PBXBuildFile; fileRef = CF2A42C021BE93D70023992F /* EditorInspectorView.swift */; };
		CF31B52821BD842500BF3E89 /* MagnifyingGlassView.swift in Sources */ = {isa = PBXBuildFile; fileRef = CF31B52721BD842500BF3E89 /* MagnifyingGlassView.swift */; };
		CF7034B42353A7CF00F4D2C7 /* AlignmentBottom.swift in Sources */ = {isa = PBXBuildFile; fileRef = CF7034B32353A7CF00F4D2C7 /* AlignmentBottom.swift */; };
		CF7034B62353A9B800F4D2C7 /* AlignmentTop.swift in Sources */ = {isa = PBXBuildFile; fileRef = CF7034B52353A9B800F4D2C7 /* AlignmentTop.swift */; };
		CF7034B82353AA5A00F4D2C7 /* AlignmentMiddle.swift in Sources */ = {isa = PBXBuildFile; fileRef = CF7034B72353AA5A00F4D2C7 /* AlignmentMiddle.swift */; };
		CF7034BA2353AAD400F4D2C7 /* AlignmentBaseline.swift in Sources */ = {isa = PBXBuildFile; fileRef = CF7034B92353AAD400F4D2C7 /* AlignmentBaseline.swift */; };
		CFC2684D235240F4007C47F6 /* AlignmentCenter.swift in Sources */ = {isa = PBXBuildFile; fileRef = CFC2684C235240F4007C47F6 /* AlignmentCenter.swift */; };
		CFC2685223524D6B007C47F6 /* AlignmentLeft.swift in Sources */ = {isa = PBXBuildFile; fileRef = CFC2685123524D6B007C47F6 /* AlignmentLeft.swift */; };
		CFC2685423524D86007C47F6 /* AlignmentRight.swift in Sources */ = {isa = PBXBuildFile; fileRef = CFC2685323524D86007C47F6 /* AlignmentRight.swift */; };
		CFD336B521AEAD3E0085D2AB /* main.swift in Sources */ = {isa = PBXBuildFile; fileRef = CFD336B421AEAD3E0085D2AB /* main.swift */; };
		CFD336BC21AEAD6B0085D2AB /* CanariStatusView.swift in Sources */ = {isa = PBXBuildFile; fileRef = CFD336BB21AEAD6B0085D2AB /* CanariStatusView.swift */; };
/* End PBXBuildFile section */

/* Begin PBXCopyFilesBuildPhase section */
		CFD336AF21AEAD3E0085D2AB /* CopyFiles */ = {
			isa = PBXCopyFilesBuildPhase;
			buildActionMask = 2147483647;
			dstPath = /usr/share/man/man1/;
			dstSubfolderSpec = 0;
			files = (
			);
			runOnlyForDeploymentPostprocessing = 1;
		};
/* End PBXCopyFilesBuildPhase section */

/* Begin PBXFileReference section */
		CF2A42C021BE93D70023992F /* EditorInspectorView.swift */ = {isa = PBXFileReference; fileEncoding = 4; lastKnownFileType = sourcecode.swift; path = EditorInspectorView.swift; sourceTree = "<group>"; };
		CF31B52721BD842500BF3E89 /* MagnifyingGlassView.swift */ = {isa = PBXFileReference; lastKnownFileType = sourcecode.swift; path = MagnifyingGlassView.swift; sourceTree = "<group>"; };
		CF7034B32353A7CF00F4D2C7 /* AlignmentBottom.swift */ = {isa = PBXFileReference; lastKnownFileType = sourcecode.swift; path = AlignmentBottom.swift; sourceTree = "<group>"; };
		CF7034B52353A9B800F4D2C7 /* AlignmentTop.swift */ = {isa = PBXFileReference; lastKnownFileType = sourcecode.swift; path = AlignmentTop.swift; sourceTree = "<group>"; };
		CF7034B72353AA5A00F4D2C7 /* AlignmentMiddle.swift */ = {isa = PBXFileReference; lastKnownFileType = sourcecode.swift; path = AlignmentMiddle.swift; sourceTree = "<group>"; };
		CF7034B92353AAD400F4D2C7 /* AlignmentBaseline.swift */ = {isa = PBXFileReference; lastKnownFileType = sourcecode.swift; path = AlignmentBaseline.swift; sourceTree = "<group>"; };
		CFC2684C235240F4007C47F6 /* AlignmentCenter.swift */ = {isa = PBXFileReference; lastKnownFileType = sourcecode.swift; path = AlignmentCenter.swift; sourceTree = "<group>"; };
		CFC2685123524D6B007C47F6 /* AlignmentLeft.swift */ = {isa = PBXFileReference; lastKnownFileType = sourcecode.swift; path = AlignmentLeft.swift; sourceTree = "<group>"; };
		CFC2685323524D86007C47F6 /* AlignmentRight.swift */ = {isa = PBXFileReference; lastKnownFileType = sourcecode.swift; path = AlignmentRight.swift; sourceTree = "<group>"; };
		CFD336B121AEAD3E0085D2AB /* build-png-images */ = {isa = PBXFileReference; explicitFileType = "compiled.mach-o.executable"; includeInIndex = 0; path = "build-png-images"; sourceTree = BUILT_PRODUCTS_DIR; };
		CFD336B421AEAD3E0085D2AB /* main.swift */ = {isa = PBXFileReference; lastKnownFileType = sourcecode.swift; path = main.swift; sourceTree = "<group>"; };
		CFD336BB21AEAD6B0085D2AB /* CanariStatusView.swift */ = {isa = PBXFileReference; fileEncoding = 4; lastKnownFileType = sourcecode.swift; path = CanariStatusView.swift; sourceTree = "<group>"; };
/* End PBXFileReference section */

/* Begin PBXFrameworksBuildPhase section */
		CFD336AE21AEAD3E0085D2AB /* Frameworks */ = {
			isa = PBXFrameworksBuildPhase;
			buildActionMask = 2147483647;
			files = (
			);
			runOnlyForDeploymentPostprocessing = 0;
		};
/* End PBXFrameworksBuildPhase section */

/* Begin PBXGroup section */
		CFD336A821AEAD3E0085D2AB = {
			isa = PBXGroup;
			children = (
				CFD336B321AEAD3E0085D2AB /* build-png-images */,
				CFD336B221AEAD3E0085D2AB /* Products */,
			);
			sourceTree = "<group>";
		};
		CFD336B221AEAD3E0085D2AB /* Products */ = {
			isa = PBXGroup;
			children = (
				CFD336B121AEAD3E0085D2AB /* build-png-images */,
			);
			name = Products;
			sourceTree = "<group>";
		};
		CFD336B321AEAD3E0085D2AB /* build-png-images */ = {
			isa = PBXGroup;
			children = (
				CF7034B92353AAD400F4D2C7 /* AlignmentBaseline.swift */,
				CF7034B32353A7CF00F4D2C7 /* AlignmentBottom.swift */,
				CFC2684C235240F4007C47F6 /* AlignmentCenter.swift */,
				CFC2685123524D6B007C47F6 /* AlignmentLeft.swift */,
				CF7034B72353AA5A00F4D2C7 /* AlignmentMiddle.swift */,
				CFC2685323524D86007C47F6 /* AlignmentRight.swift */,
				CF7034B52353A9B800F4D2C7 /* AlignmentTop.swift */,
				CFD336BB21AEAD6B0085D2AB /* CanariStatusView.swift */,
				CF2A42C021BE93D70023992F /* EditorInspectorView.swift */,
				CF31B52721BD842500BF3E89 /* MagnifyingGlassView.swift */,
				CFD336B421AEAD3E0085D2AB /* main.swift */,
			);
			path = "build-png-images";
			sourceTree = "<group>";
		};
/* End PBXGroup section */

/* Begin PBXNativeTarget section */
		CFD336B021AEAD3E0085D2AB /* build-png-images */ = {
			isa = PBXNativeTarget;
			buildConfigurationList = CFD336B821AEAD3E0085D2AB /* Build configuration list for PBXNativeTarget "build-png-images" */;
			buildPhases = (
				CFD336AD21AEAD3E0085D2AB /* Sources */,
				CFD336AE21AEAD3E0085D2AB /* Frameworks */,
				CFD336AF21AEAD3E0085D2AB /* CopyFiles */,
			);
			buildRules = (
			);
			dependencies = (
			);
			name = "build-png-images";
			productName = "build-png-images";
			productReference = CFD336B121AEAD3E0085D2AB /* build-png-images */;
			productType = "com.apple.product-type.tool";
		};
/* End PBXNativeTarget section */

/* Begin PBXProject section */
		CFD336A921AEAD3E0085D2AB /* Project object */ = {
			isa = PBXProject;
			attributes = {
				LastSwiftUpdateCheck = 1010;
				LastUpgradeCheck = 1010;
				ORGANIZATIONNAME = "Pierre Molinaro";
				TargetAttributes = {
					CFD336B021AEAD3E0085D2AB = {
						CreatedOnToolsVersion = 10.1;
						LastSwiftMigration = 1120;
					};
				};
			};
			buildConfigurationList = CFD336AC21AEAD3E0085D2AB /* Build configuration list for PBXProject "build-png-images" */;
			compatibilityVersion = "Xcode 9.3";
			developmentRegion = en;
			hasScannedForEncodings = 0;
			knownRegions = (
				en,
				Base,
			);
			mainGroup = CFD336A821AEAD3E0085D2AB;
			productRefGroup = CFD336B221AEAD3E0085D2AB /* Products */;
			projectDirPath = "";
			projectRoot = "";
			targets = (
				CFD336B021AEAD3E0085D2AB /* build-png-images */,
			);
		};
/* End PBXProject section */

/* Begin PBXSourcesBuildPhase section */
		CFD336AD21AEAD3E0085D2AB /* Sources */ = {
			isa = PBXSourcesBuildPhase;
			buildActionMask = 2147483647;
			files = (
				CFD336BC21AEAD6B0085D2AB /* CanariStatusView.swift in Sources */,
				CFC2684D235240F4007C47F6 /* AlignmentCenter.swift in Sources */,
				CFC2685223524D6B007C47F6 /* AlignmentLeft.swift in Sources */,
				CF2A42C121BE93D70023992F /* EditorInspectorView.swift in Sources */,
				CF7034B42353A7CF00F4D2C7 /* AlignmentBottom.swift in Sources */,
				CFD336B521AEAD3E0085D2AB /* main.swift in Sources */,
				CF7034B62353A9B800F4D2C7 /* AlignmentTop.swift in Sources */,
				CF31B52821BD842500BF3E89 /* MagnifyingGlassView.swift in Sources */,
				CF7034B82353AA5A00F4D2C7 /* AlignmentMiddle.swift in Sources */,
				CFC2685423524D86007C47F6 /* AlignmentRight.swift in Sources */,
				CF7034BA2353AAD400F4D2C7 /* AlignmentBaseline.swift in Sources */,
			);
			runOnlyForDeploymentPostprocessing = 0;
		};
/* End PBXSourcesBuildPhase section */

/* Begin XCBuildConfiguration section */
		CFD336B621AEAD3E0085D2AB /* Debug */ = {
			isa = XCBuildConfiguration;
			buildSettings = {
				ALWAYS_SEARCH_USER_PATHS = NO;
				CLANG_ANALYZER_NONNULL = YES;
				CLANG_ANALYZER_NUMBER_OBJECT_CONVERSION = YES_AGGRESSIVE;
				CLANG_CXX_LANGUAGE_STANDARD = "gnu++14";
				CLANG_CXX_LIBRARY = "libc++";
				CLANG_ENABLE_MODULES = YES;
				CLANG_ENABLE_OBJC_ARC = YES;
				CLANG_ENABLE_OBJC_WEAK = YES;
				CLANG_WARN_BLOCK_CAPTURE_AUTORELEASING = YES;
				CLANG_WARN_BOOL_CONVERSION = YES;
				CLANG_WARN_COMMA = YES;
				CLANG_WARN_CONSTANT_CONVERSION = YES;
				CLANG_WARN_DEPRECATED_OBJC_IMPLEMENTATIONS = YES;
				CLANG_WARN_DIRECT_OBJC_ISA_USAGE = YES_ERROR;
				CLANG_WARN_DOCUMENTATION_COMMENTS = YES;
				CLANG_WARN_EMPTY_BODY = YES;
				CLANG_WARN_ENUM_CONVERSION = YES;
				CLANG_WARN_INFINITE_RECURSION = YES;
				CLANG_WARN_INT_CONVERSION = YES;
				CLANG_WARN_NON_LITERAL_NULL_CONVERSION = YES;
				CLANG_WARN_OBJC_IMPLICIT_RETAIN_SELF = YES;
				CLANG_WARN_OBJC_LITERAL_CONVERSION = YES;
				CLANG_WARN_OBJC_ROOT_CLASS = YES_ERROR;
				CLANG_WARN_RANGE_LOOP_ANALYSIS = YES;
				CLANG_WARN_STRICT_PROTOTYPES = YES;
				CLANG_WARN_SUSPICIOUS_MOVE = YES;
				CLANG_WARN_UNGUARDED_AVAILABILITY = YES_AGGRESSIVE;
				CLANG_WARN_UNREACHABLE_CODE = YES;
				CLANG_WARN__DUPLICATE_METHOD_MATCH = YES;
				CODE_SIGN_IDENTITY = "-";
				COPY_PHASE_STRIP = NO;
				DEBUG_INFORMATION_FORMAT = dwarf;
				ENABLE_STRICT_OBJC_MSGSEND = YES;
				ENABLE_TESTABILITY = YES;
				GCC_C_LANGUAGE_STANDARD = gnu11;
				GCC_DYNAMIC_NO_PIC = NO;
				GCC_NO_COMMON_BLOCKS = YES;
				GCC_OPTIMIZATION_LEVEL = 0;
				GCC_PREPROCESSOR_DEFINITIONS = (
					"DEBUG=1",
					"$(inherited)",
				);
				GCC_WARN_64_TO_32_BIT_CONVERSION = YES;
				GCC_WARN_ABOUT_RETURN_TYPE = YES_ERROR;
				GCC_WARN_UNDECLARED_SELECTOR = YES;
				GCC_WARN_UNINITIALIZED_AUTOS = YES_AGGRESSIVE;
				GCC_WARN_UNUSED_FUNCTION = YES;
				GCC_WARN_UNUSED_VARIABLE = YES;
				MACOSX_DEPLOYMENT_TARGET = 10.13;
				MTL_ENABLE_DEBUG_INFO = INCLUDE_SOURCE;
				MTL_FAST_MATH = YES;
				ONLY_ACTIVE_ARCH = YES;
				SDKROOT = macosx;
				SWIFT_ACTIVE_COMPILATION_CONDITIONS = DEBUG;
				SWIFT_OPTIMIZATION_LEVEL = "-Onone";
			};
			name = Debug;
		};
		CFD336B721AEAD3E0085D2AB /* Release */ = {
			isa = XCBuildConfiguration;
			buildSettings = {
				ALWAYS_SEARCH_USER_PATHS = NO;
				CLANG_ANALYZER_NONNULL = YES;
				CLANG_ANALYZER_NUMBER_OBJECT_CONVERSION = YES_AGGRESSIVE;
				CLANG_CXX_LANGUAGE_STANDARD = "gnu++14";
				CLANG_CXX_LIBRARY = "libc++";
				CLANG_ENABLE_MODULES = YES;
				CLANG_ENABLE_OBJC_ARC = YES;
				CLANG_ENABLE_OBJC_WEAK = YES;
				CLANG_WARN_BLOCK_CAPTURE_AUTORELEASING = YES;
				CLANG_WARN_BOOL_CONVERSION = YES;
				CLANG_WARN_COMMA = YES;
				CLANG_WARN_CONSTANT_CONVERSION = YES;
				CLANG_WARN_DEPRECATED_OBJC_IMPLEMENTATIONS = YES;
				CLANG_WARN_DIRECT_OBJC_ISA_USAGE = YES_ERROR;
				CLANG_WARN_DOCUMENTATION_COMMENTS = YES;
				CLANG_WARN_EMPTY_BODY = YES;
				CLANG_WARN_ENUM_CONVERSION = YES;
				CLANG_WARN_INFINITE_RECURSION = YES;
				CLANG_WARN_INT_CONVERSION = YES;
				CLANG_WARN_NON_LITERAL_NULL_CONVERSION = YES;
				CLANG_WARN_OBJC_IMPLICIT_RETAIN_SELF = YES;
				CLANG_WARN_OBJC_LITERAL_CONVERSION = YES;
				CLANG_WARN_OBJC_ROOT_CLASS = YES_ERROR;
				CLANG_WARN_RANGE_LOOP_ANALYSIS = YES;
				CLANG_WARN_STRICT_PROTOTYPES = YES;
				CLANG_WARN_SUSPICIOUS_MOVE = YES;
				CLANG_WARN_UNGUARDED_AVAILABILITY = YES_AGGRESSIVE;
				CLANG_WARN_UNREACHABLE_CODE = YES;
				CLANG_WARN__DUPLICATE_METHOD_MATCH = YES;
				CODE_SIGN_IDENTITY = "-";
				COPY_PHASE_STRIP = NO;
				DEBUG_INFORMATION_FORMAT = "dwarf-with-dsym";
				ENABLE_NS_ASSERTIONS = NO;
				ENABLE_STRICT_OBJC_MSGSEND = YES;
				GCC_C_LANGUAGE_STANDARD = gnu11;
				GCC_NO_COMMON_BLOCKS = YES;
				GCC_WARN_64_TO_32_BIT_CONVERSION = YES;
				GCC_WARN_ABOUT_RETURN_TYPE = YES_ERROR;
				GCC_WARN_UNDECLARED_SELECTOR = YES;
				GCC_WARN_UNINITIALIZED_AUTOS = YES_AGGRESSIVE;
				GCC_WARN_UNUSED_FUNCTION = YES;
				GCC_WARN_UNUSED_VARIABLE = YES;
				MACOSX_DEPLOYMENT_TARGET = 10.13;
				MTL_ENABLE_DEBUG_INFO = NO;
				MTL_FAST_MATH = YES;
				SDKROOT = macosx;
				SWIFT_COMPILATION_MODE = wholemodule;
				SWIFT_OPTIMIZATION_LEVEL = "-O";
			};
			name = Release;
		};
		CFD336B921AEAD3E0085D2AB /* Debug */ = {
			isa = XCBuildConfiguration;
			buildSettings = {
				CODE_SIGN_STYLE = Automatic;
				PRODUCT_NAME = "$(TARGET_NAME)";
				SWIFT_VERSION = 5.0;
			};
			name = Debug;
		};
		CFD336BA21AEAD3E0085D2AB /* Release */ = {
			isa = XCBuildConfiguration;
			buildSettings = {
				CODE_SIGN_STYLE = Automatic;
				PRODUCT_NAME = "$(TARGET_NAME)";
				SWIFT_VERSION = 5.0;
			};
			name = Release;
		};
/* End XCBuildConfiguration section */

/* Begin XCConfigurationList section */
		CFD336AC21AEAD3E0085D2AB /* Build configuration list for PBXProject "build-png-images" */ = {
			isa = XCConfigurationList;
			buildConfigurations = (
				CFD336B621AEAD3E0085D2AB /* Debug */,
				CFD336B721AEAD3E0085D2AB /* Release */,
			);
			defaultConfigurationIsVisible = 0;
			defaultConfigurationName = Release;
		};
		CFD336B821AEAD3E0085D2AB /* Build configuration list for PBXNativeTarget "build-png-images" */ = {
			isa = XCConfigurationList;
			buildConfigurations = (
				CFD336B921AEAD3E0085D2AB /* Debug */,
				CFD336BA21AEAD3E0085D2AB /* Release */,
			);
			defaultConfigurationIsVisible = 0;
			defaultConfigurationName = Release;
		};
/* End XCConfigurationList section */
	};
	rootObject = CFD336A921AEAD3E0085D2AB /* Project object */;
}
