// !$*UTF8*$!
{
	archiveVersion = 1;
	classes = {
	};
	objectVersion = 46;
	objects = {

/* Begin PBXBuildFile section */
		CF0568C1213A8132000FA68F /* newstroke_font.cpp in Sources */ = {isa = PBXBuildFile; fileRef = CF0568BF213A8132000FA68F /* newstroke_font.cpp */; };
		CFA24E43213A804100A9D85B /* main.cpp in Sources */ = {isa = PBXBuildFile; fileRef = CFA24E42213A804100A9D85B /* main.cpp */; };
/* End PBXBuildFile section */

/* Begin PBXCopyFilesBuildPhase section */
		CFA24E3D213A804000A9D85B /* CopyFiles */ = {
			isa = PBXCopyFilesBuildPhase;
			buildActionMask = 2147483647;
			dstPath = /usr/share/man/man1/;
			dstSubfolderSpec = 0;
			files = (
			);
			runOnlyForDeploymentPostprocessing = 1;
		};
/* End PBXCopyFilesBuildPhase section */

/* Begin PBXFileReference section */
		CF0568BF213A8132000FA68F /* newstroke_font.cpp */ = {isa = PBXFileReference; fileEncoding = 4; lastKnownFileType = sourcecode.cpp.cpp; path = newstroke_font.cpp; sourceTree = "<group>"; };
		CF0568C0213A8132000FA68F /* newstroke_font.h */ = {isa = PBXFileReference; fileEncoding = 4; lastKnownFileType = sourcecode.c.h; path = newstroke_font.h; sourceTree = "<group>"; };
		CFA24E3F213A804100A9D85B /* extract-kicad-font */ = {isa = PBXFileReference; explicitFileType = "compiled.mach-o.executable"; includeInIndex = 0; path = "extract-kicad-font"; sourceTree = BUILT_PRODUCTS_DIR; };
		CFA24E42213A804100A9D85B /* main.cpp */ = {isa = PBXFileReference; lastKnownFileType = sourcecode.cpp.cpp; path = main.cpp; sourceTree = "<group>"; };
/* End PBXFileReference section */

/* Begin PBXFrameworksBuildPhase section */
		CFA24E3C213A804000A9D85B /* Frameworks */ = {
			isa = PBXFrameworksBuildPhase;
			buildActionMask = 2147483647;
			files = (
			);
			runOnlyForDeploymentPostprocessing = 0;
		};
/* End PBXFrameworksBuildPhase section */

/* Begin PBXGroup section */
		CFA24E36213A804000A9D85B = {
			isa = PBXGroup;
			children = (
				CFA24E41213A804100A9D85B /* extract-kicad-font */,
				CFA24E40213A804100A9D85B /* Products */,
			);
			sourceTree = "<group>";
		};
		CFA24E40213A804100A9D85B /* Products */ = {
			isa = PBXGroup;
			children = (
				CFA24E3F213A804100A9D85B /* extract-kicad-font */,
			);
			name = Products;
			sourceTree = "<group>";
		};
		CFA24E41213A804100A9D85B /* extract-kicad-font */ = {
			isa = PBXGroup;
			children = (
				CF0568BF213A8132000FA68F /* newstroke_font.cpp */,
				CF0568C0213A8132000FA68F /* newstroke_font.h */,
				CFA24E42213A804100A9D85B /* main.cpp */,
			);
			path = "extract-kicad-font";
			sourceTree = "<group>";
		};
/* End PBXGroup section */

/* Begin PBXNativeTarget section */
		CFA24E3E213A804000A9D85B /* extract-kicad-font */ = {
			isa = PBXNativeTarget;
			buildConfigurationList = CFA24E46213A804100A9D85B /* Build configuration list for PBXNativeTarget "extract-kicad-font" */;
			buildPhases = (
				CFA24E3B213A804000A9D85B /* Sources */,
				CFA24E3C213A804000A9D85B /* Frameworks */,
				CFA24E3D213A804000A9D85B /* CopyFiles */,
			);
			buildRules = (
			);
			dependencies = (
			);
			name = "extract-kicad-font";
			productName = "extract-kicad-font";
			productReference = CFA24E3F213A804100A9D85B /* extract-kicad-font */;
			productType = "com.apple.product-type.tool";
		};
/* End PBXNativeTarget section */

/* Begin PBXProject section */
		CFA24E37213A804000A9D85B /* Project object */ = {
			isa = PBXProject;
			attributes = {
				LastUpgradeCheck = 0820;
				ORGANIZATIONNAME = "Pierre Molinaro";
				TargetAttributes = {
					CFA24E3E213A804000A9D85B = {
						CreatedOnToolsVersion = 8.2.1;
						ProvisioningStyle = Automatic;
					};
				};
			};
			buildConfigurationList = CFA24E3A213A804000A9D85B /* Build configuration list for PBXProject "extract-kicad-font" */;
			compatibilityVersion = "Xcode 3.2";
			developmentRegion = English;
			hasScannedForEncodings = 0;
			knownRegions = (
				en,
			);
			mainGroup = CFA24E36213A804000A9D85B;
			productRefGroup = CFA24E40213A804100A9D85B /* Products */;
			projectDirPath = "";
			projectRoot = "";
			targets = (
				CFA24E3E213A804000A9D85B /* extract-kicad-font */,
			);
		};
/* End PBXProject section */

/* Begin PBXSourcesBuildPhase section */
		CFA24E3B213A804000A9D85B /* Sources */ = {
			isa = PBXSourcesBuildPhase;
			buildActionMask = 2147483647;
			files = (
				CFA24E43213A804100A9D85B /* main.cpp in Sources */,
				CF0568C1213A8132000FA68F /* newstroke_font.cpp in Sources */,
			);
			runOnlyForDeploymentPostprocessing = 0;
		};
/* End PBXSourcesBuildPhase section */

/* Begin XCBuildConfiguration section */
		CFA24E44213A804100A9D85B /* Debug */ = {
			isa = XCBuildConfiguration;
			buildSettings = {
				ALWAYS_SEARCH_USER_PATHS = NO;
				CLANG_ANALYZER_NONNULL = YES;
				CLANG_CXX_LANGUAGE_STANDARD = "gnu++0x";
				CLANG_CXX_LIBRARY = "libc++";
				CLANG_ENABLE_MODULES = YES;
				CLANG_ENABLE_OBJC_ARC = YES;
				CLANG_WARN_BOOL_CONVERSION = YES;
				CLANG_WARN_CONSTANT_CONVERSION = YES;
				CLANG_WARN_DIRECT_OBJC_ISA_USAGE = YES_ERROR;
				CLANG_WARN_DOCUMENTATION_COMMENTS = YES;
				CLANG_WARN_EMPTY_BODY = YES;
				CLANG_WARN_ENUM_CONVERSION = YES;
				CLANG_WARN_INFINITE_RECURSION = YES;
				CLANG_WARN_INT_CONVERSION = YES;
				CLANG_WARN_OBJC_ROOT_CLASS = YES_ERROR;
				CLANG_WARN_SUSPICIOUS_MOVE = YES;
				CLANG_WARN_UNREACHABLE_CODE = YES;
				CLANG_WARN__DUPLICATE_METHOD_MATCH = YES;
				CODE_SIGN_IDENTITY = "-";
				COPY_PHASE_STRIP = NO;
				DEBUG_INFORMATION_FORMAT = dwarf;
				ENABLE_STRICT_OBJC_MSGSEND = YES;
				ENABLE_TESTABILITY = YES;
				GCC_C_LANGUAGE_STANDARD = gnu99;
				GCC_DYNAMIC_NO_PIC = NO;
				GCC_NO_COMMON_BLOCKS = YES;
				GCC_OPTIMIZATION_LEVEL = 0;
				GCC_PREPROCESSOR_DEFINITIONS = (
					"DEBUG=1",
					"$(inherited)",
				);
				GCC_WARN_64_TO_32_BIT_CONVERSION = YES;
				GCC_WARN_ABOUT_RETURN_TYPE = YES_ERROR;
				GCC_WARN_UNDECLARED_SELECTOR = YES;
				GCC_WARN_UNINITIALIZED_AUTOS = YES_AGGRESSIVE;
				GCC_WARN_UNUSED_FUNCTION = YES;
				GCC_WARN_UNUSED_VARIABLE = YES;
				MACOSX_DEPLOYMENT_TARGET = 10.11;
				MTL_ENABLE_DEBUG_INFO = YES;
				ONLY_ACTIVE_ARCH = YES;
				SDKROOT = macosx;
			};
			name = Debug;
		};
		CFA24E45213A804100A9D85B /* Release */ = {
			isa = XCBuildConfiguration;
			buildSettings = {
				ALWAYS_SEARCH_USER_PATHS = NO;
				CLANG_ANALYZER_NONNULL = YES;
				CLANG_CXX_LANGUAGE_STANDARD = "gnu++0x";
				CLANG_CXX_LIBRARY = "libc++";
				CLANG_ENABLE_MODULES = YES;
				CLANG_ENABLE_OBJC_ARC = YES;
				CLANG_WARN_BOOL_CONVERSION = YES;
				CLANG_WARN_CONSTANT_CONVERSION = YES;
				CLANG_WARN_DIRECT_OBJC_ISA_USAGE = YES_ERROR;
				CLANG_WARN_DOCUMENTATION_COMMENTS = YES;
				CLANG_WARN_EMPTY_BODY = YES;
				CLANG_WARN_ENUM_CONVERSION = YES;
				CLANG_WARN_INFINITE_RECURSION = YES;
				CLANG_WARN_INT_CONVERSION = YES;
				CLANG_WARN_OBJC_ROOT_CLASS = YES_ERROR;
				CLANG_WARN_SUSPICIOUS_MOVE = YES;
				CLANG_WARN_UNREACHABLE_CODE = YES;
				CLANG_WARN__DUPLICATE_METHOD_MATCH = YES;
				CODE_SIGN_IDENTITY = "-";
				COPY_PHASE_STRIP = NO;
				DEBUG_INFORMATION_FORMAT = "dwarf-with-dsym";
				ENABLE_NS_ASSERTIONS = NO;
				ENABLE_STRICT_OBJC_MSGSEND = YES;
				GCC_C_LANGUAGE_STANDARD = gnu99;
				GCC_NO_COMMON_BLOCKS = YES;
				GCC_WARN_64_TO_32_BIT_CONVERSION = YES;
				GCC_WARN_ABOUT_RETURN_TYPE = YES_ERROR;
				GCC_WARN_UNDECLARED_SELECTOR = YES;
				GCC_WARN_UNINITIALIZED_AUTOS = YES_AGGRESSIVE;
				GCC_WARN_UNUSED_FUNCTION = YES;
				GCC_WARN_UNUSED_VARIABLE = YES;
				MACOSX_DEPLOYMENT_TARGET = 10.11;
				MTL_ENABLE_DEBUG_INFO = NO;
				SDKROOT = macosx;
			};
			name = Release;
		};
		CFA24E47213A804100A9D85B /* Debug */ = {
			isa = XCBuildConfiguration;
			buildSettings = {
				PRODUCT_NAME = "$(TARGET_NAME)";
			};
			name = Debug;
		};
		CFA24E48213A804100A9D85B /* Release */ = {
			isa = XCBuildConfiguration;
			buildSettings = {
				PRODUCT_NAME = "$(TARGET_NAME)";
			};
			name = Release;
		};
/* End XCBuildConfiguration section */

/* Begin XCConfigurationList section */
		CFA24E3A213A804000A9D85B /* Build configuration list for PBXProject "extract-kicad-font" */ = {
			isa = XCConfigurationList;
			buildConfigurations = (
				CFA24E44213A804100A9D85B /* Debug */,
				CFA24E45213A804100A9D85B /* Release */,
			);
			defaultConfigurationIsVisible = 0;
			defaultConfigurationName = Release;
		};
		CFA24E46213A804100A9D85B /* Build configuration list for PBXNativeTarget "extract-kicad-font" */ = {
			isa = XCConfigurationList;
			buildConfigurations = (
				CFA24E47213A804100A9D85B /* Debug */,
				CFA24E48213A804100A9D85B /* Release */,
			);
			defaultConfigurationIsVisible = 0;
			defaultConfigurationName = Release;
		};
/* End XCConfigurationList section */
	};
	rootObject = CFA24E37213A804000A9D85B /* Project object */;
}
